
Microsoft Visual Studio Solution File, Format Version 12.00
# Visual Studio Version 17
VisualStudioVersion = 17.6.33829.357
MinimumVisualStudioVersion = 10.0.40219.1
Project("{FAE04EC0-301F-11D3-BF4B-00C04F79EFBC}") = "build-map-file", "build-map-file.csproj", "{A528F8E7-6625-4A4C-931C-55947D3D368B}"
EndProject
Global
	GlobalSection(SolutionConfigurationPlatforms) = preSolution
		Debug|Any CPU = Debug|Any CPU
		Release|Any CPU = Release|Any CPU
	EndGlobalSection
	GlobalSection(ProjectConfigurationPlatforms) = postSolution
		{A528F8E7-6625-4A4C-931C-55947D3D368B}.Debug|Any CPU.ActiveCfg = Debug|Any CPU
		{A528F8E7-6625-4A4C-931C-55947D3D368B}.Debug|Any CPU.Build.0 = Debug|Any CPU
		{A528F8E7-6625-4A4C-931C-55947D3D368B}.Release|Any CPU.ActiveCfg = Release|Any CPU
		{A528F8E7-6625-4A4C-931C-55947D3D368B}.Release|Any CPU.Build.0 = Release|Any CPU
	EndGlobalSection
	GlobalSection(SolutionProperties) = preSolution
		HideSolutionNode = FALSE
	EndGlobalSection
	GlobalSection(ExtensibilityGlobals) = postSolution
		SolutionGuid = {B14DDF66-72C4-4217-BD28-0BE0D5133EB4}
	EndGlobalSection
EndGlobal
